
Microsoft Visual Studio Solution File, Format Version 12.00
# Visual Studio Version 16
VisualStudioVersion = 16.0.30114.105
MinimumVisualStudioVersion = 10.0.40219.1
Project("{FAE04EC0-301F-11D3-BF4B-00C04F79EFBC}") = "API", "API\API.csproj", "{DD9D4772-EBFC-4B41-925A-4795AD8673B8}"
EndProject
Project("{FAE04EC0-301F-11D3-BF4B-00C04F79EFBC}") = "Core", "Core\Core.csproj", "{56A630F1-716E-47A5-B7E4-DE379F2076D6}"
EndProject
Project("{FAE04EC0-301F-11D3-BF4B-00C04F79EFBC}") = "Infrastructure", "Infrastructure\Infrastructure.csproj", "{340AA07D-23E0-44AD-80BB-9203639BC7C9}"
EndProject
Global
	GlobalSection(SolutionConfigurationPlatforms) = preSolution
		Debug|Any CPU = Debug|Any CPU
		Debug|x64 = Debug|x64
		Debug|x86 = Debug|x86
		Release|Any CPU = Release|Any CPU
		Release|x64 = Release|x64
		Release|x86 = Release|x86
	EndGlobalSection
	GlobalSection(SolutionProperties) = preSolution
		HideSolutionNode = FALSE
	EndGlobalSection
	GlobalSection(ProjectConfigurationPlatforms) = postSolution
		{DD9D4772-EBFC-4B41-925A-4795AD8673B8}.Debug|Any CPU.ActiveCfg = Debug|Any CPU
		{DD9D4772-EBFC-4B41-925A-4795AD8673B8}.Debug|Any CPU.Build.0 = Debug|Any CPU
		{DD9D4772-EBFC-4B41-925A-4795AD8673B8}.Debug|x64.ActiveCfg = Debug|Any CPU
		{DD9D4772-EBFC-4B41-925A-4795AD8673B8}.Debug|x64.Build.0 = Debug|Any CPU
		{DD9D4772-EBFC-4B41-925A-4795AD8673B8}.Debug|x86.ActiveCfg = Debug|Any CPU
		{DD9D4772-EBFC-4B41-925A-4795AD8673B8}.Debug|x86.Build.0 = Debug|Any CPU
		{DD9D4772-EBFC-4B41-925A-4795AD8673B8}.Release|Any CPU.ActiveCfg = Release|Any CPU
		{DD9D4772-EBFC-4B41-925A-4795AD8673B8}.Release|Any CPU.Build.0 = Release|Any CPU
		{DD9D4772-EBFC-4B41-925A-4795AD8673B8}.Release|x64.ActiveCfg = Release|Any CPU
		{DD9D4772-EBFC-4B41-925A-4795AD8673B8}.Release|x64.Build.0 = Release|Any CPU
		{DD9D4772-EBFC-4B41-925A-4795AD8673B8}.Release|x86.ActiveCfg = Release|Any CPU
		{DD9D4772-EBFC-4B41-925A-4795AD8673B8}.Release|x86.Build.0 = Release|Any CPU
		{56A630F1-716E-47A5-B7E4-DE379F2076D6}.Debug|Any CPU.ActiveCfg = Debug|Any CPU
		{56A630F1-716E-47A5-B7E4-DE379F2076D6}.Debug|Any CPU.Build.0 = Debug|Any CPU
		{56A630F1-716E-47A5-B7E4-DE379F2076D6}.Debug|x64.ActiveCfg = Debug|Any CPU
		{56A630F1-716E-47A5-B7E4-DE379F2076D6}.Debug|x64.Build.0 = Debug|Any CPU
		{56A630F1-716E-47A5-B7E4-DE379F2076D6}.Debug|x86.ActiveCfg = Debug|Any CPU
		{56A630F1-716E-47A5-B7E4-DE379F2076D6}.Debug|x86.Build.0 = Debug|Any CPU
		{56A630F1-716E-47A5-B7E4-DE379F2076D6}.Release|Any CPU.ActiveCfg = Release|Any CPU
		{56A630F1-716E-47A5-B7E4-DE379F2076D6}.Release|Any CPU.Build.0 = Release|Any CPU
		{56A630F1-716E-47A5-B7E4-DE379F2076D6}.Release|x64.ActiveCfg = Release|Any CPU
		{56A630F1-716E-47A5-B7E4-DE379F2076D6}.Release|x64.Build.0 = Release|Any CPU
		{56A630F1-716E-47A5-B7E4-DE379F2076D6}.Release|x86.ActiveCfg = Release|Any CPU
		{56A630F1-716E-47A5-B7E4-DE379F2076D6}.Release|x86.Build.0 = Release|Any CPU
		{340AA07D-23E0-44AD-80BB-9203639BC7C9}.Debug|Any CPU.ActiveCfg = Debug|Any CPU
		{340AA07D-23E0-44AD-80BB-9203639BC7C9}.Debug|Any CPU.Build.0 = Debug|Any CPU
		{340AA07D-23E0-44AD-80BB-9203639BC7C9}.Debug|x64.ActiveCfg = Debug|Any CPU
		{340AA07D-23E0-44AD-80BB-9203639BC7C9}.Debug|x64.Build.0 = Debug|Any CPU
		{340AA07D-23E0-44AD-80BB-9203639BC7C9}.Debug|x86.ActiveCfg = Debug|Any CPU
		{340AA07D-23E0-44AD-80BB-9203639BC7C9}.Debug|x86.Build.0 = Debug|Any CPU
		{340AA07D-23E0-44AD-80BB-9203639BC7C9}.Release|Any CPU.ActiveCfg = Release|Any CPU
		{340AA07D-23E0-44AD-80BB-9203639BC7C9}.Release|Any CPU.Build.0 = Release|Any CPU
		{340AA07D-23E0-44AD-80BB-9203639BC7C9}.Release|x64.ActiveCfg = Release|Any CPU
		{340AA07D-23E0-44AD-80BB-9203639BC7C9}.Release|x64.Build.0 = Release|Any CPU
		{340AA07D-23E0-44AD-80BB-9203639BC7C9}.Release|x86.ActiveCfg = Release|Any CPU
		{340AA07D-23E0-44AD-80BB-9203639BC7C9}.Release|x86.Build.0 = Release|Any CPU
	EndGlobalSection
EndGlobal
